{
  "version": 4,
  "terraform_version": "1.0.3",
  "serial": 79,
  "lineage": "6bbbb6d5-a574-b07b-c512-81f31a258544",
  "outputs": {
    "AZ": {
      "value": "us-east-1b",
      "type": "string"
    },
    "instance_id": {
      "value": "i-064d1104c89890d97",
      "type": "string"
    },
    "pub_ip": {
      "value": "54.161.199.44",
      "type": "string"
    },
    "public_dns": {
      "value": "ec2-54-161-199-44.compute-1.amazonaws.com",
      "type": "string"
    }
  },
  "resources": [
    {
      "mode": "data",
      "type": "aws_ami",
      "name": "amazon-linux-2",
      "provider": "provider[\"registry.terraform.io/hashicorp/aws\"]",
      "instances": [
        {
          "schema_version": 0,
          "attributes": {
            "architecture": "x86_64",
            "arn": "arn:aws:ec2:us-east-1::image/ami-0b920463c8cb8e42e",
            "block_device_mappings": [
              {
                "device_name": "/dev/sda1",
                "ebs": {
                  "delete_on_termination": "true",
                  "encrypted": "false",
                  "iops": "0",
                  "snapshot_id": "snap-0d873e5cdb3a95724",
                  "throughput": "0",
                  "volume_size": "10",
                  "volume_type": "gp2"
                },
                "no_device": "",
                "virtual_name": ""
              },
              {
                "device_name": "/dev/sdb",
                "ebs": {},
                "no_device": "",
                "virtual_name": "ephemeral0"
              },
              {
                "device_name": "/dev/sdc",
                "ebs": {},
                "no_device": "",
                "virtual_name": "ephemeral1"
              }
            ],
            "creation_date": "2021-08-20T17:42:16.000Z",
            "description": "Cloud9 Cloud9Ubuntu AMI",
            "ena_support": true,
            "executable_users": null,
            "filter": [
              {
                "name": "owner-alias",
                "values": [
                  "amazon"
                ]
              }
            ],
            "hypervisor": "xen",
            "id": "ami-0b920463c8cb8e42e",
            "image_id": "ami-0b920463c8cb8e42e",
            "image_location": "amazon/Cloud9Ubuntu-2021-08-20T16-50",
            "image_owner_alias": "amazon",
            "image_type": "machine",
            "kernel_id": null,
            "most_recent": true,
            "name": "Cloud9Ubuntu-2021-08-20T16-50",
            "name_regex": null,
            "owner_id": "327094444948",
            "owners": [
              "amazon"
            ],
            "platform": null,
            "platform_details": "Linux/UNIX",
            "product_codes": [],
            "public": true,
            "ramdisk_id": null,
            "root_device_name": "/dev/sda1",
            "root_device_type": "ebs",
            "root_snapshot_id": "snap-0d873e5cdb3a95724",
            "sriov_net_support": "simple",
            "state": "available",
            "state_reason": {
              "code": "UNSET",
              "message": "UNSET"
            },
            "tags": {},
            "usage_operation": "RunInstances",
            "virtualization_type": "hvm"
          },
          "sensitive_attributes": []
        }
      ]
    },
    {
      "mode": "managed",
      "type": "aws_iam_instance_profile",
      "name": "test",
      "provider": "provider[\"registry.terraform.io/hashicorp/aws\"]",
      "instances": [
        {
          "schema_version": 0,
          "attributes": {
            "arn": "arn:aws:iam::668681129824:instance-profile/test",
            "create_date": "2021-08-21T20:03:52Z",
            "id": "test",
            "name": "test",
            "name_prefix": null,
            "path": "/",
            "role": "test_role",
            "tags": null,
            "tags_all": {},
            "unique_id": "AIPAZXMEAJ5QGL2MZPPGW"
          },
          "sensitive_attributes": [],
          "private": "bnVsbA==",
          "dependencies": [
            "aws_iam_role.test_role"
          ]
        }
      ]
    },
    {
      "mode": "managed",
      "type": "aws_iam_role",
      "name": "test_role",
      "provider": "provider[\"registry.terraform.io/hashicorp/aws\"]",
      "instances": [
        {
          "schema_version": 0,
          "attributes": {
            "arn": "arn:aws:iam::668681129824:role/test_role",
            "assume_role_policy": "{\"Version\":\"2012-10-17\",\"Statement\":[{\"Sid\":\"\",\"Effect\":\"Allow\",\"Principal\":{\"Service\":\"ec2.amazonaws.com\"},\"Action\":\"sts:AssumeRole\"}]}",
            "create_date": "2021-08-21T20:03:48Z",
            "description": "",
            "force_detach_policies": false,
            "id": "test_role",
            "inline_policy": [
              {
                "name": "",
                "policy": ""
              }
            ],
            "managed_policy_arns": [],
            "max_session_duration": 3600,
            "name": "test_role",
            "name_prefix": null,
            "path": "/",
            "permissions_boundary": null,
            "tags": {
              "tag-key": "tag-value"
            },
            "tags_all": {
              "tag-key": "tag-value"
            },
            "unique_id": "AROAZXMEAJ5QCVHQWW6YF"
          },
          "sensitive_attributes": [],
          "private": "bnVsbA=="
        }
      ]
    },
    {
      "mode": "managed",
      "type": "aws_iam_role_policy_attachment",
      "name": "AmazonEC2RoleforSSM",
      "provider": "provider[\"registry.terraform.io/hashicorp/aws\"]",
      "instances": [
        {
          "schema_version": 0,
          "attributes": {
            "id": "test_role-20210821200638685100000001",
            "policy_arn": "arn:aws:iam::aws:policy/service-role/AmazonEC2RoleforSSM",
            "role": "test_role"
          },
          "sensitive_attributes": [],
          "private": "bnVsbA==",
          "dependencies": [
            "aws_iam_role.test_role"
          ]
        }
      ]
    },
    {
      "mode": "managed",
      "type": "aws_instance",
      "name": "myec2",
      "provider": "provider[\"registry.terraform.io/hashicorp/aws\"]",
      "instances": [
        {
          "schema_version": 1,
          "attributes": {
            "ami": "ami-0b920463c8cb8e42e",
            "arn": "arn:aws:ec2:us-east-1:668681129824:instance/i-064d1104c89890d97",
            "associate_public_ip_address": true,
            "availability_zone": "us-east-1b",
            "capacity_reservation_specification": [
              {
                "capacity_reservation_preference": "open",
                "capacity_reservation_target": []
              }
            ],
            "cpu_core_count": 1,
            "cpu_threads_per_core": 1,
            "credit_specification": [
              {
                "cpu_credits": "standard"
              }
            ],
            "disable_api_termination": false,
            "ebs_block_device": [],
            "ebs_optimized": false,
            "enclave_options": [
              {
                "enabled": false
              }
            ],
            "ephemeral_block_device": [],
            "get_password_data": false,
            "hibernation": false,
            "host_id": null,
            "iam_instance_profile": "test",
            "id": "i-064d1104c89890d97",
            "instance_initiated_shutdown_behavior": "stop",
            "instance_state": "running",
            "instance_type": "t2.micro",
            "ipv6_address_count": 0,
            "ipv6_addresses": [],
            "key_name": "demo",
            "launch_template": [],
            "metadata_options": [
              {
                "http_endpoint": "enabled",
                "http_put_response_hop_limit": 1,
                "http_tokens": "optional"
              }
            ],
            "monitoring": false,
            "network_interface": [],
            "outpost_arn": "",
            "password_data": "",
            "placement_group": "",
            "primary_network_interface_id": "eni-00028333351168fb4",
            "private_dns": "ip-172-31-91-90.ec2.internal",
            "private_ip": "172.31.91.90",
            "public_dns": "ec2-54-161-199-44.compute-1.amazonaws.com",
            "public_ip": "54.161.199.44",
            "root_block_device": [
              {
                "delete_on_termination": true,
                "device_name": "/dev/sda1",
                "encrypted": false,
                "iops": 100,
                "kms_key_id": "",
                "tags": {},
                "throughput": 0,
                "volume_id": "vol-0a451c7fc5101a256",
                "volume_size": 10,
                "volume_type": "gp2"
              }
            ],
            "secondary_private_ips": [],
            "security_groups": [
              "Test Security group"
            ],
            "source_dest_check": true,
            "subnet_id": "subnet-01cad10fee42e76d9",
            "tags": null,
            "tags_all": {},
            "tenancy": "default",
            "timeouts": null,
            "user_data": null,
            "user_data_base64": null,
            "volume_tags": null,
            "vpc_security_group_ids": [
              "sg-0876d73ad0e42bbdc"
            ]
          },
          "sensitive_attributes": [],
          "private": "eyJlMmJmYjczMC1lY2FhLTExZTYtOGY4OC0zNDM2M2JjN2M0YzAiOnsiY3JlYXRlIjo2MDAwMDAwMDAwMDAsImRlbGV0ZSI6MTIwMDAwMDAwMDAwMCwidXBkYXRlIjo2MDAwMDAwMDAwMDB9LCJzY2hlbWFfdmVyc2lvbiI6IjEifQ==",
          "dependencies": [
            "aws_iam_instance_profile.test",
            "aws_iam_role.test_role",
            "aws_key_pair.myKey",
            "aws_security_group.mysg",
            "data.aws_ami.amazon-linux-2"
          ]
        }
      ]
    },
    {
      "mode": "managed",
      "type": "aws_key_pair",
      "name": "myKey",
      "provider": "provider[\"registry.terraform.io/hashicorp/aws\"]",
      "instances": [
        {
          "schema_version": 1,
          "attributes": {
            "arn": "arn:aws:ec2:us-east-1:668681129824:key-pair/demo",
            "fingerprint": "77:31:a3:a5:5d:17:4a:b5:db:fd:52:34:98:2c:40:c2",
            "id": "demo",
            "key_name": "demo",
            "key_name_prefix": null,
            "key_pair_id": "key-0854a32799b849067",
            "public_key": "ssh-rsa AAAAB3NzaC1yc2EAAAADAQABAAABgQDe2eE8DbMtUm2XG5RSSXCAZtu4ULdUT1g25Xn6Io30AGkYzADf/f5pI8ZRaKmBTn6NR35BUzj7obnkUxAHtqJnPTFLOEHzm7RsnbK2LYWmt9XTXkkTJKyri7vnOlNkwE663dpwwGBzwtYvLWNxQWdWQFXYdL9HUh5gxkukGsTU1FMRILiblwY8HHTr5J1E4Pi8FAP4zdJTjWmU0qr0OF7c74rYw9JTbs7CQgEDZY8azREBPYm3MZe6tZobWogF01vRABnnnL3YLg06XLVDWnE+KstGkRH79wQFqrtI61DYp9WW/+SzHRorBvR8r3nOJhBdUjbEW9gTl4ZhCVPIg7qx5XsVFktD+v2afREUZdEFNXZQELpCm+LkV+DU3Pg4iJSEkEknWqDVrLYiDhU1yp7nAJz6wlsh9Mgg6Auh/DNOIbMdCQtcVHaqIZaBZZ3CU0qMX0pekWJujg1Or9iAACs6yNPSGJYI2oVV9rH6upIUBd5rOyOmE8ELIrLV/EMSl7U= irfan@irfan-patel",
            "tags": null,
            "tags_all": {}
          },
          "sensitive_attributes": [],
          "private": "eyJzY2hlbWFfdmVyc2lvbiI6IjEifQ=="
        }
      ]
    },
    {
      "mode": "managed",
      "type": "aws_security_group",
      "name": "mysg",
      "provider": "provider[\"registry.terraform.io/hashicorp/aws\"]",
      "instances": [
        {
          "schema_version": 1,
          "attributes": {
            "arn": "arn:aws:ec2:us-east-1:668681129824:security-group/sg-0876d73ad0e42bbdc",
            "description": "Managed by Terraform",
            "egress": [],
            "id": "sg-0876d73ad0e42bbdc",
            "ingress": [],
            "name": "Test Security group",
            "name_prefix": "",
            "owner_id": "668681129824",
            "revoke_rules_on_delete": false,
            "tags": {
              "Name": "MySG"
            },
            "tags_all": {
              "Name": "MySG"
            },
            "timeouts": null,
            "vpc_id": "vpc-0107bac019499126f"
          },
          "sensitive_attributes": [],
          "private": "eyJlMmJmYjczMC1lY2FhLTExZTYtOGY4OC0zNDM2M2JjN2M0YzAiOnsiY3JlYXRlIjo2MDAwMDAwMDAwMDAsImRlbGV0ZSI6OTAwMDAwMDAwMDAwfSwic2NoZW1hX3ZlcnNpb24iOiIxIn0="
        }
      ]
    },
    {
      "mode": "managed",
      "type": "aws_security_group_rule",
      "name": "egress_rule",
      "provider": "provider[\"registry.terraform.io/hashicorp/aws\"]",
      "instances": [
        {
          "index_key": "rule1",
          "schema_version": 2,
          "attributes": {
            "cidr_blocks": [
              "0.0.0.0/0"
            ],
            "description": null,
            "from_port": 0,
            "id": "sgrule-2520788012",
            "ipv6_cidr_blocks": null,
            "prefix_list_ids": null,
            "protocol": "-1",
            "security_group_id": "sg-0876d73ad0e42bbdc",
            "self": false,
            "source_security_group_id": null,
            "to_port": 0,
            "type": "egress"
          },
          "sensitive_attributes": [],
          "private": "eyJzY2hlbWFfdmVyc2lvbiI6IjIifQ==",
          "dependencies": [
            "aws_security_group.mysg"
          ]
        }
      ]
    },
    {
      "mode": "managed",
      "type": "aws_security_group_rule",
      "name": "ingress_rule",
      "provider": "provider[\"registry.terraform.io/hashicorp/aws\"]",
      "instances": [
        {
          "index_key": "rule1",
          "schema_version": 2,
          "attributes": {
            "cidr_blocks": [
              "0.0.0.0/0"
            ],
            "description": null,
            "from_port": 22,
            "id": "sgrule-3130254755",
            "ipv6_cidr_blocks": null,
            "prefix_list_ids": null,
            "protocol": "tcp",
            "security_group_id": "sg-0876d73ad0e42bbdc",
            "self": false,
            "source_security_group_id": null,
            "to_port": 22,
            "type": "ingress"
          },
          "sensitive_attributes": [],
          "private": "eyJzY2hlbWFfdmVyc2lvbiI6IjIifQ==",
          "dependencies": [
            "aws_security_group.mysg"
          ]
        },
        {
          "index_key": "rule2",
          "schema_version": 2,
          "attributes": {
            "cidr_blocks": [
              "0.0.0.0/0"
            ],
            "description": null,
            "from_port": 80,
            "id": "sgrule-203012118",
            "ipv6_cidr_blocks": null,
            "prefix_list_ids": null,
            "protocol": "tcp",
            "security_group_id": "sg-0876d73ad0e42bbdc",
            "self": false,
            "source_security_group_id": null,
            "to_port": 80,
            "type": "ingress"
          },
          "sensitive_attributes": [],
          "private": "eyJzY2hlbWFfdmVyc2lvbiI6IjIifQ==",
          "dependencies": [
            "aws_security_group.mysg"
          ]
        }
      ]
    }
  ]
}
